# This file is automatically @generated by Poetry 2.1.3 and should not be changed by hand.

[[package]]
name = "altgraph"
version = "0.17.4"
description = "Python graph (network) package"
optional = false
python-versions = "*"
groups = ["main"]
files = [
    {file = "altgraph-0.17.4-py2.py3-none-any.whl", hash = "sha256:642743b4750de17e655e6711601b077bc6598dbfa3ba5fa2b2a35ce12b508dff"},
    {file = "altgraph-0.17.4.tar.gz", hash = "sha256:1b5afbb98f6c4dcadb2e2ae6ab9fa994bbb8c1d75f4fa96d340f9437ae454406"},
]

[[package]]
name = "bulletchess"
version = "0.3.3"
description = "A high performance C Extension for chess"
optional = false
python-versions = ">=3.13"
groups = ["main"]
files = [
    {file = "bulletchess-0.3.3-cp313-cp313-ios_13_0_arm64_iphoneos.whl", hash = "sha256:b42c482fc37f797d528cefc89e8ef9a8613457bba4b947b8f97480b55051f47f"},
    {file = "bulletchess-0.3.3-cp313-cp313-ios_13_0_arm64_iphonesimulator.whl", hash = "sha256:e5069d7d83c95ce826285203b40bea30b2a77862ce666fe2cecff02aecaf9fdb"},
    {file = "bulletchess-0.3.3-cp313-cp313-macosx_10_13_x86_64.whl", hash = "sha256:5a297b66c14c2d78ff0bf3fcd65399b958a6687650439f5226127b532304b771"},
    {file = "bulletchess-0.3.3-cp313-cp313-macosx_11_0_arm64.whl", hash = "sha256:5fcdebba63c0633fb3d746452e17a0ba79dc176288058f93186e544e037dc22e"},
    {file = "bulletchess-0.3.3-cp313-cp313-manylinux_2_17_aarch64.manylinux2014_aarch64.manylinux_2_28_aarch64.whl", hash = "sha256:a76f4a8a945d61b478ce40d1770be7e7e59d87ee19d66cbd7b8a979d46f9c557"},
    {file = "bulletchess-0.3.3-cp313-cp313-manylinux_2_17_x86_64.manylinux2014_x86_64.manylinux_2_28_x86_64.whl", hash = "sha256:c180606360fad82537a5d48eefbaab16ad4720d0055d50862227df734fc2965c"},
    {file = "bulletchess-0.3.3-cp313-cp313-musllinux_1_2_aarch64.whl", hash = "sha256:69d5e2b4aa1a4387e7988647324df54bb738f50a23b3503da0b0425a4cbdad52"},
    {file = "bulletchess-0.3.3-cp313-cp313-musllinux_1_2_x86_64.whl", hash = "sha256:198fe8685ddcac780e9f17f008a2910a05df338cee39e5aa1e7f9fb4267db7ac"},
    {file = "bulletchess-0.3.3-cp313-cp313-win_amd64.whl", hash = "sha256:b5fa91e8c9e9bf17b0f8c6b481c62ae50898c1cf868f0d80bbcf503e21dfb123"},
    {file = "bulletchess-0.3.3.tar.gz", hash = "sha256:886afcfc475a80a507518e347ce31eaae3ee832daccc50d778375c9853099cce"},
]

[[package]]
name = "chess"
version = "1.11.2"
description = "A chess library with move generation and validation, Polyglot opening book probing, PGN reading and writing, Gaviota tablebase probing, Syzygy tablebase probing, and XBoard/UCI engine communication."
optional = false
python-versions = ">=3.8"
groups = ["main"]
files = [
    {file = "chess-1.11.2.tar.gz", hash = "sha256:a8b43e5678fdb3000695bdaa573117ad683761e5ca38e591c4826eba6d25bb39"},
]

[[package]]
name = "macholib"
version = "1.16.3"
description = "Mach-O header analysis and editing"
optional = false
python-versions = "*"
groups = ["main"]
markers = "sys_platform == \"darwin\""
files = [
    {file = "macholib-1.16.3-py2.py3-none-any.whl", hash = "sha256:0e315d7583d38b8c77e815b1ecbdbf504a8258d8b3e17b61165c6feb60d18f2c"},
    {file = "macholib-1.16.3.tar.gz", hash = "sha256:07ae9e15e8e4cd9a788013d81f5908b3609aa76f9b1421bae9c4d7606ec86a30"},
]

[package.dependencies]
altgraph = ">=0.17"

[[package]]
name = "packaging"
version = "25.0"
description = "Core utilities for Python packages"
optional = false
python-versions = ">=3.8"
groups = ["main"]
files = [
    {file = "packaging-25.0-py3-none-any.whl", hash = "sha256:29572ef2b1f17581046b3a2227d5c611fb25ec70ca1ba8554b24b0e69331a484"},
    {file = "packaging-25.0.tar.gz", hash = "sha256:d443872c98d677bf60f6a1f2f8c1cb748e8fe762d2bf9d3148b5599295b0fc4f"},
]

[[package]]
name = "pefile"
version = "2023.2.7"
description = "Python PE parsing module"
optional = false
python-versions = ">=3.6.0"
groups = ["main"]
markers = "sys_platform == \"win32\""
files = [
    {file = "pefile-2023.2.7-py3-none-any.whl", hash = "sha256:da185cd2af68c08a6cd4481f7325ed600a88f6a813bad9dea07ab3ef73d8d8d6"},
    {file = "pefile-2023.2.7.tar.gz", hash = "sha256:82e6114004b3d6911c77c3953e3838654b04511b8b66e8583db70c65998017dc"},
]

[[package]]
name = "pyinstaller"
version = "6.14.2"
description = "PyInstaller bundles a Python application and all its dependencies into a single package."
optional = false
python-versions = "<3.14,>=3.8"
groups = ["main"]
files = [
    {file = "pyinstaller-6.14.2-py3-none-macosx_10_13_universal2.whl", hash = "sha256:d77d18bf5343a1afef2772393d7a489d4ec2282dee5bca549803fc0d74b78330"},
    {file = "pyinstaller-6.14.2-py3-none-manylinux2014_aarch64.whl", hash = "sha256:3fa0c391e1300a9fd7752eb1ffe2950112b88fba9d2743eee2ef218a15f4705f"},
    {file = "pyinstaller-6.14.2-py3-none-manylinux2014_i686.whl", hash = "sha256:077efb2d01d16d9c8fdda3ad52788f0fead2791c5cec9ed6ce058af7e26eb74b"},
    {file = "pyinstaller-6.14.2-py3-none-manylinux2014_ppc64le.whl", hash = "sha256:fdd2bd020a18736806a6bd5d3c4352f1209b427a96ad6c459d88aec1d90c4f21"},
    {file = "pyinstaller-6.14.2-py3-none-manylinux2014_s390x.whl", hash = "sha256:03862c6b3cf7b16843d24b529f89cd4077cbe467883cd54ce7a81940d6da09d3"},
    {file = "pyinstaller-6.14.2-py3-none-manylinux2014_x86_64.whl", hash = "sha256:78827a21ada2a848e98671852d20d74b2955b6e2aaf2359ed13a462e1a603d84"},
    {file = "pyinstaller-6.14.2-py3-none-musllinux_1_1_aarch64.whl", hash = "sha256:185710ab1503dfdfa14c43237d394d96ac183422d588294be42531480dfa6c38"},
    {file = "pyinstaller-6.14.2-py3-none-musllinux_1_1_x86_64.whl", hash = "sha256:6c673a7e761bd4a2560cfd5dbe1ccdcfe2dff304b774e6e5242fc5afed953661"},
    {file = "pyinstaller-6.14.2-py3-none-win32.whl", hash = "sha256:1697601aa788e3a52f0b5e620b4741a34b82e6f222ec6e1318b3a1349f566bb2"},
    {file = "pyinstaller-6.14.2-py3-none-win_amd64.whl", hash = "sha256:e10e0e67288d6dcb5898a917dd1d4272aa0ff33f197ad49a0e39618009d63ed9"},
    {file = "pyinstaller-6.14.2-py3-none-win_arm64.whl", hash = "sha256:69fd11ca57e572387826afaa4a1b3d4cb74927d76f231f0308c0bd7872ca5ac1"},
    {file = "pyinstaller-6.14.2.tar.gz", hash = "sha256:142cce0719e79315f0cc26400c2e5c45d9b6b17e7e0491fee444a9f8f16f4917"},
]

[package.dependencies]
altgraph = "*"
macholib = {version = ">=1.8", markers = "sys_platform == \"darwin\""}
packaging = ">=22.0"
pefile = {version = ">=2022.5.30,<2024.8.26 || >2024.8.26", markers = "sys_platform == \"win32\""}
pyinstaller-hooks-contrib = ">=2025.5"
pywin32-ctypes = {version = ">=0.2.1", markers = "sys_platform == \"win32\""}
setuptools = ">=42.0.0"

[package.extras]
completion = ["argcomplete"]
hook-testing = ["execnet (>=1.5.0)", "psutil", "pytest (>=2.7.3)"]

[[package]]
name = "pyinstaller-hooks-contrib"
version = "2025.5"
description = "Community maintained hooks for PyInstaller"
optional = false
python-versions = ">=3.8"
groups = ["main"]
files = [
    {file = "pyinstaller_hooks_contrib-2025.5-py3-none-any.whl", hash = "sha256:ebfae1ba341cb0002fb2770fad0edf2b3e913c2728d92df7ad562260988ca373"},
    {file = "pyinstaller_hooks_contrib-2025.5.tar.gz", hash = "sha256:707386770b8fe066c04aad18a71bc483c7b25e18b4750a756999f7da2ab31982"},
]

[package.dependencies]
packaging = ">=22.0"
setuptools = ">=42.0.0"

[[package]]
name = "pywin32-ctypes"
version = "0.2.3"
description = "A (partial) reimplementation of pywin32 using ctypes/cffi"
optional = false
python-versions = ">=3.6"
groups = ["main"]
markers = "sys_platform == \"win32\""
files = [
    {file = "pywin32-ctypes-0.2.3.tar.gz", hash = "sha256:d162dc04946d704503b2edc4d55f3dba5c1d539ead017afa00142c38b9885755"},
    {file = "pywin32_ctypes-0.2.3-py3-none-any.whl", hash = "sha256:8a1513379d709975552d202d942d9837758905c8d01eb82b8bcc30918929e7b8"},
]

[[package]]
name = "setuptools"
version = "80.9.0"
description = "Easily download, build, install, upgrade, and uninstall Python packages"
optional = false
python-versions = ">=3.9"
groups = ["main"]
files = [
    {file = "setuptools-80.9.0-py3-none-any.whl", hash = "sha256:062d34222ad13e0cc312a4c02d73f059e86a4acbfbdea8f8f76b28c99f306922"},
    {file = "setuptools-80.9.0.tar.gz", hash = "sha256:f36b47402ecde768dbfafc46e8e4207b4360c654f1f3bb84475f0a28628fb19c"},
]

[package.extras]
check = ["pytest-checkdocs (>=2.4)", "pytest-ruff (>=0.2.1) ; sys_platform != \"cygwin\"", "ruff (>=0.8.0) ; sys_platform != \"cygwin\""]
core = ["importlib_metadata (>=6) ; python_version < \"3.10\"", "jaraco.functools (>=4)", "jaraco.text (>=3.7)", "more_itertools", "more_itertools (>=8.8)", "packaging (>=24.2)", "platformdirs (>=4.2.2)", "tomli (>=2.0.1) ; python_version < \"3.11\"", "wheel (>=0.43.0)"]
cover = ["pytest-cov"]
doc = ["furo", "jaraco.packaging (>=9.3)", "jaraco.tidelift (>=1.4)", "pygments-github-lexers (==0.0.5)", "pyproject-hooks (!=1.1)", "rst.linker (>=1.9)", "sphinx (>=3.5)", "sphinx-favicon", "sphinx-inline-tabs", "sphinx-lint", "sphinx-notfound-page (>=1,<2)", "sphinx-reredirects", "sphinxcontrib-towncrier", "towncrier (<24.7)"]
enabler = ["pytest-enabler (>=2.2)"]
test = ["build[virtualenv] (>=1.0.3)", "filelock (>=3.4.0)", "ini2toml[lite] (>=0.14)", "jaraco.develop (>=7.21) ; python_version >= \"3.9\" and sys_platform != \"cygwin\"", "jaraco.envs (>=2.2)", "jaraco.path (>=3.7.2)", "jaraco.test (>=5.5)", "packaging (>=24.2)", "pip (>=19.1)", "pyproject-hooks (!=1.1)", "pytest (>=6,!=8.1.*)", "pytest-home (>=0.5)", "pytest-perf ; sys_platform != \"cygwin\"", "pytest-subprocess", "pytest-timeout", "pytest-xdist (>=3)", "tomli-w (>=1.0.0)", "virtualenv (>=13.0.0)", "wheel (>=0.44.0)"]
type = ["importlib_metadata (>=7.0.2) ; python_version < \"3.10\"", "jaraco.develop (>=7.21) ; sys_platform != \"cygwin\"", "mypy (==1.14.*)", "pytest-mypy"]

[metadata]
lock-version = "2.1"
python-versions = ">=3.13,<3.14"
content-hash = "8817e008df6580371d3e4a879b6d631989dc9ed31b8505a5502f2604143054d2"
